
Microsoft Visual Studio Solution File, Format Version 12.00
# Visual Studio 15
VisualStudioVersion = 15.0.26124.0
MinimumVisualStudioVersion = 15.0.26124.0
Project("{FAE04EC0-301F-11D3-BF4B-00C04F79EFBC}") = "TaxCalculator", "TaxCalculator\TaxCalculator.csproj", "{DA422E74-8C86-497C-8E5C-7BE79C9A54DD}"
EndProject
Project("{FAE04EC0-301F-11D3-BF4B-00C04F79EFBC}") = "TaxCalculatorTests", "TaxCalculatorTests\TaxCalculatorTests.csproj", "{B21B972F-4F99-4A2C-85AE-DD18DCB0705B}"
EndProject
Global
	GlobalSection(SolutionConfigurationPlatforms) = preSolution
		Debug|Any CPU = Debug|Any CPU
		Debug|x64 = Debug|x64
		Debug|x86 = Debug|x86
		Release|Any CPU = Release|Any CPU
		Release|x64 = Release|x64
		Release|x86 = Release|x86
	EndGlobalSection
	GlobalSection(SolutionProperties) = preSolution
		HideSolutionNode = FALSE
	EndGlobalSection
	GlobalSection(ProjectConfigurationPlatforms) = postSolution
		{DA422E74-8C86-497C-8E5C-7BE79C9A54DD}.Debug|Any CPU.ActiveCfg = Debug|Any CPU
		{DA422E74-8C86-497C-8E5C-7BE79C9A54DD}.Debug|Any CPU.Build.0 = Debug|Any CPU
		{DA422E74-8C86-497C-8E5C-7BE79C9A54DD}.Debug|x64.ActiveCfg = Debug|Any CPU
		{DA422E74-8C86-497C-8E5C-7BE79C9A54DD}.Debug|x64.Build.0 = Debug|Any CPU
		{DA422E74-8C86-497C-8E5C-7BE79C9A54DD}.Debug|x86.ActiveCfg = Debug|Any CPU
		{DA422E74-8C86-497C-8E5C-7BE79C9A54DD}.Debug|x86.Build.0 = Debug|Any CPU
		{DA422E74-8C86-497C-8E5C-7BE79C9A54DD}.Release|Any CPU.ActiveCfg = Release|Any CPU
		{DA422E74-8C86-497C-8E5C-7BE79C9A54DD}.Release|Any CPU.Build.0 = Release|Any CPU
		{DA422E74-8C86-497C-8E5C-7BE79C9A54DD}.Release|x64.ActiveCfg = Release|Any CPU
		{DA422E74-8C86-497C-8E5C-7BE79C9A54DD}.Release|x64.Build.0 = Release|Any CPU
		{DA422E74-8C86-497C-8E5C-7BE79C9A54DD}.Release|x86.ActiveCfg = Release|Any CPU
		{DA422E74-8C86-497C-8E5C-7BE79C9A54DD}.Release|x86.Build.0 = Release|Any CPU
		{B21B972F-4F99-4A2C-85AE-DD18DCB0705B}.Debug|Any CPU.ActiveCfg = Debug|Any CPU
		{B21B972F-4F99-4A2C-85AE-DD18DCB0705B}.Debug|Any CPU.Build.0 = Debug|Any CPU
		{B21B972F-4F99-4A2C-85AE-DD18DCB0705B}.Debug|x64.ActiveCfg = Debug|Any CPU
		{B21B972F-4F99-4A2C-85AE-DD18DCB0705B}.Debug|x64.Build.0 = Debug|Any CPU
		{B21B972F-4F99-4A2C-85AE-DD18DCB0705B}.Debug|x86.ActiveCfg = Debug|Any CPU
		{B21B972F-4F99-4A2C-85AE-DD18DCB0705B}.Debug|x86.Build.0 = Debug|Any CPU
		{B21B972F-4F99-4A2C-85AE-DD18DCB0705B}.Release|Any CPU.ActiveCfg = Release|Any CPU
		{B21B972F-4F99-4A2C-85AE-DD18DCB0705B}.Release|Any CPU.Build.0 = Release|Any CPU
		{B21B972F-4F99-4A2C-85AE-DD18DCB0705B}.Release|x64.ActiveCfg = Release|Any CPU
		{B21B972F-4F99-4A2C-85AE-DD18DCB0705B}.Release|x64.Build.0 = Release|Any CPU
		{B21B972F-4F99-4A2C-85AE-DD18DCB0705B}.Release|x86.ActiveCfg = Release|Any CPU
		{B21B972F-4F99-4A2C-85AE-DD18DCB0705B}.Release|x86.Build.0 = Release|Any CPU
	EndGlobalSection
EndGlobal
